// !$*UTF8*$!
{
	archiveVersion = 1;
	classes = {
	};
	objectVersion = 50;
	objects = {

/* Begin PBXBuildFile section */
		1794EA7C224E3BD800A12574 /* AppDelegate.swift in Sources */ = {isa = PBXBuildFile; fileRef = 1794EA7B224E3BD800A12574 /* AppDelegate.swift */; };
		1794EA7E224E3BD800A12574 /* ViewController.swift in Sources */ = {isa = PBXBuildFile; fileRef = 1794EA7D224E3BD800A12574 /* ViewController.swift */; };
		1794EA81224E3BD800A12574 /* Main.storyboard in Resources */ = {isa = PBXBuildFile; fileRef = 1794EA7F224E3BD800A12574 /* Main.storyboard */; };
		1794EA83224E3BDB00A12574 /* Assets.xcassets in Resources */ = {isa = PBXBuildFile; fileRef = 1794EA82224E3BDB00A12574 /* Assets.xcassets */; };
		1794EA86224E3BDB00A12574 /* LaunchScreen.storyboard in Resources */ = {isa = PBXBuildFile; fileRef = 1794EA84224E3BDB00A12574 /* LaunchScreen.storyboard */; };
		1794EA8F224E3C9200A12574 /* SystemConfiguration.framework in Frameworks */ = {isa = PBXBuildFile; fileRef = 1794EA8E224E3C9200A12574 /* SystemConfiguration.framework */; };
		1794EA91224E3CBE00A12574 /* StoreKit.framework in Frameworks */ = {isa = PBXBuildFile; fileRef = 1794EA90224E3CBE00A12574 /* StoreKit.framework */; };
		1794EA93224E3CDA00A12574 /* MessageUI.framework in Frameworks */ = {isa = PBXBuildFile; fileRef = 1794EA92224E3CDA00A12574 /* MessageUI.framework */; };
		1794EA96224E3CEC00A12574 /* EventKitUI.framework in Frameworks */ = {isa = PBXBuildFile; fileRef = 1794EA94224E3CEC00A12574 /* EventKitUI.framework */; };
		1794EA97224E3CEC00A12574 /* EventKit.framework in Frameworks */ = {isa = PBXBuildFile; fileRef = 1794EA95224E3CEC00A12574 /* EventKit.framework */; };
		1794EA99224E3D4600A12574 /* AVFoundation.framework in Frameworks */ = {isa = PBXBuildFile; fileRef = 1794EA98224E3D4600A12574 /* AVFoundation.framework */; };
		1794EA9B224E3D5700A12574 /* AudioToolbox.framework in Frameworks */ = {isa = PBXBuildFile; fileRef = 1794EA9A224E3D5700A12574 /* AudioToolbox.framework */; };
		1794EA9D224E3D6700A12574 /* AdSupport.framework in Frameworks */ = {isa = PBXBuildFile; fileRef = 1794EA9C224E3D6700A12574 /* AdSupport.framework */; };
		1794EA9F224E40EA00A12574 /* GoogleMobileAds.framework in Frameworks */ = {isa = PBXBuildFile; fileRef = 1794EA9E224E40EA00A12574 /* GoogleMobileAds.framework */; };
		1794EAA1224E49A800A12574 /* InterSViewController.swift in Sources */ = {isa = PBXBuildFile; fileRef = 1794EAA0224E49A800A12574 /* InterSViewController.swift */; };
		1794EAA3224E4F2200A12574 /* VideoAdsViewController.swift in Sources */ = {isa = PBXBuildFile; fileRef = 1794EAA2224E4F2200A12574 /* VideoAdsViewController.swift */; };
		1794EAA5224E557F00A12574 /* startViewController.swift in Sources */ = {isa = PBXBuildFile; fileRef = 1794EAA4224E557F00A12574 /* startViewController.swift */; };
		AE8BDA2BC915058DDE32DE05 /* Pods_Swift5AdMob.framework in Frameworks */ = {isa = PBXBuildFile; fileRef = 18A89D9D7F468BEA07947AC6 /* Pods_Swift5AdMob.framework */; };
/* End PBXBuildFile section */

/* Begin PBXFileReference section */
		1794EA78224E3BD800A12574 /* Swift5AdMob.app */ = {isa = PBXFileReference; explicitFileType = wrapper.application; includeInIndex = 0; path = Swift5AdMob.app; sourceTree = BUILT_PRODUCTS_DIR; };
		1794EA7B224E3BD800A12574 /* AppDelegate.swift */ = {isa = PBXFileReference; lastKnownFileType = sourcecode.swift; path = AppDelegate.swift; sourceTree = "<group>"; };
		1794EA7D224E3BD800A12574 /* ViewController.swift */ = {isa = PBXFileReference; lastKnownFileType = sourcecode.swift; path = ViewController.swift; sourceTree = "<group>"; };
		1794EA80224E3BD800A12574 /* Base */ = {isa = PBXFileReference; lastKnownFileType = file.storyboard; name = Base; path = Base.lproj/Main.storyboard; sourceTree = "<group>"; };
		1794EA82224E3BDB00A12574 /* Assets.xcassets */ = {isa = PBXFileReference; lastKnownFileType = folder.assetcatalog; path = Assets.xcassets; sourceTree = "<group>"; };
		1794EA85224E3BDB00A12574 /* Base */ = {isa = PBXFileReference; lastKnownFileType = file.storyboard; name = Base; path = Base.lproj/LaunchScreen.storyboard; sourceTree = "<group>"; };
		1794EA87224E3BDB00A12574 /* Info.plist */ = {isa = PBXFileReference; lastKnownFileType = text.plist.xml; path = Info.plist; sourceTree = "<group>"; };
		1794EA8E224E3C9200A12574 /* SystemConfiguration.framework */ = {isa = PBXFileReference; lastKnownFileType = wrapper.framework; name = SystemConfiguration.framework; path = System/Library/Frameworks/SystemConfiguration.framework; sourceTree = SDKROOT; };
		1794EA90224E3CBE00A12574 /* StoreKit.framework */ = {isa = PBXFileReference; lastKnownFileType = wrapper.framework; name = StoreKit.framework; path = System/Library/Frameworks/StoreKit.framework; sourceTree = SDKROOT; };
		1794EA92224E3CDA00A12574 /* MessageUI.framework */ = {isa = PBXFileReference; lastKnownFileType = wrapper.framework; name = MessageUI.framework; path = System/Library/Frameworks/MessageUI.framework; sourceTree = SDKROOT; };
		1794EA94224E3CEC00A12574 /* EventKitUI.framework */ = {isa = PBXFileReference; lastKnownFileType = wrapper.framework; name = EventKitUI.framework; path = System/Library/Frameworks/EventKitUI.framework; sourceTree = SDKROOT; };
		1794EA95224E3CEC00A12574 /* EventKit.framework */ = {isa = PBXFileReference; lastKnownFileType = wrapper.framework; name = EventKit.framework; path = System/Library/Frameworks/EventKit.framework; sourceTree = SDKROOT; };
		1794EA98224E3D4600A12574 /* AVFoundation.framework */ = {isa = PBXFileReference; lastKnownFileType = wrapper.framework; name = AVFoundation.framework; path = System/Library/Frameworks/AVFoundation.framework; sourceTree = SDKROOT; };
		1794EA9A224E3D5700A12574 /* AudioToolbox.framework */ = {isa = PBXFileReference; lastKnownFileType = wrapper.framework; name = AudioToolbox.framework; path = System/Library/Frameworks/AudioToolbox.framework; sourceTree = SDKROOT; };
		1794EA9C224E3D6700A12574 /* AdSupport.framework */ = {isa = PBXFileReference; lastKnownFileType = wrapper.framework; name = AdSupport.framework; path = System/Library/Frameworks/AdSupport.framework; sourceTree = SDKROOT; };
		1794EA9E224E40EA00A12574 /* GoogleMobileAds.framework */ = {isa = PBXFileReference; lastKnownFileType = wrapper.framework; path = GoogleMobileAds.framework; sourceTree = "<group>"; };
		1794EAA0224E49A800A12574 /* InterSViewController.swift */ = {isa = PBXFileReference; lastKnownFileType = sourcecode.swift; path = InterSViewController.swift; sourceTree = "<group>"; };
		1794EAA2224E4F2200A12574 /* VideoAdsViewController.swift */ = {isa = PBXFileReference; lastKnownFileType = sourcecode.swift; path = VideoAdsViewController.swift; sourceTree = "<group>"; };
		1794EAA4224E557F00A12574 /* startViewController.swift */ = {isa = PBXFileReference; lastKnownFileType = sourcecode.swift; path = startViewController.swift; sourceTree = "<group>"; };
		18A89D9D7F468BEA07947AC6 /* Pods_Swift5AdMob.framework */ = {isa = PBXFileReference; explicitFileType = wrapper.framework; includeInIndex = 0; path = Pods_Swift5AdMob.framework; sourceTree = BUILT_PRODUCTS_DIR; };
		3ED8E285674E263D6901965A /* Pods-Swift5AdMob.debug.xcconfig */ = {isa = PBXFileReference; includeInIndex = 1; lastKnownFileType = text.xcconfig; name = "Pods-Swift5AdMob.debug.xcconfig"; path = "Pods/Target Support Files/Pods-Swift5AdMob/Pods-Swift5AdMob.debug.xcconfig"; sourceTree = "<group>"; };
		92A8EE1A326A2DDB8DB80B51 /* Pods-Swift5AdMob.release.xcconfig */ = {isa = PBXFileReference; includeInIndex = 1; lastKnownFileType = text.xcconfig; name = "Pods-Swift5AdMob.release.xcconfig"; path = "Pods/Target Support Files/Pods-Swift5AdMob/Pods-Swift5AdMob.release.xcconfig"; sourceTree = "<group>"; };
/* End PBXFileReference section */

/* Begin PBXFrameworksBuildPhase section */
		1794EA75224E3BD800A12574 /* Frameworks */ = {
			isa = PBXFrameworksBuildPhase;
			buildActionMask = 2147483647;
			files = (
				1794EA9F224E40EA00A12574 /* GoogleMobileAds.framework in Frameworks */,
				1794EA9D224E3D6700A12574 /* AdSupport.framework in Frameworks */,
				1794EA9B224E3D5700A12574 /* AudioToolbox.framework in Frameworks */,
				1794EA99224E3D4600A12574 /* AVFoundation.framework in Frameworks */,
				1794EA96224E3CEC00A12574 /* EventKitUI.framework in Frameworks */,
				1794EA97224E3CEC00A12574 /* EventKit.framework in Frameworks */,
				1794EA93224E3CDA00A12574 /* MessageUI.framework in Frameworks */,
				1794EA91224E3CBE00A12574 /* StoreKit.framework in Frameworks */,
				1794EA8F224E3C9200A12574 /* SystemConfiguration.framework in Frameworks */,
				AE8BDA2BC915058DDE32DE05 /* Pods_Swift5AdMob.framework in Frameworks */,
			);
			runOnlyForDeploymentPostprocessing = 0;
		};
/* End PBXFrameworksBuildPhase section */

/* Begin PBXGroup section */
		1794EA6F224E3BD800A12574 = {
			isa = PBXGroup;
			children = (
				1794EA7A224E3BD800A12574 /* Swift5AdMob */,
				1794EA79224E3BD800A12574 /* Products */,
				1794EA8D224E3C9100A12574 /* Frameworks */,
				F51EEA0DB3AFFDB8AD9FECF1 /* Pods */,
			);
			sourceTree = "<group>";
		};
		1794EA79224E3BD800A12574 /* Products */ = {
			isa = PBXGroup;
			children = (
				1794EA78224E3BD800A12574 /* Swift5AdMob.app */,
			);
			name = Products;
			sourceTree = "<group>";
		};
		1794EA7A224E3BD800A12574 /* Swift5AdMob */ = {
			isa = PBXGroup;
			children = (
				1794EA7B224E3BD800A12574 /* AppDelegate.swift */,
				1794EA7F224E3BD800A12574 /* Main.storyboard */,
				1794EA7D224E3BD800A12574 /* ViewController.swift */,
				1794EAA2224E4F2200A12574 /* VideoAdsViewController.swift */,
				1794EAA4224E557F00A12574 /* startViewController.swift */,
				1794EAA0224E49A800A12574 /* InterSViewController.swift */,
				1794EA82224E3BDB00A12574 /* Assets.xcassets */,
				1794EA84224E3BDB00A12574 /* LaunchScreen.storyboard */,
				1794EA87224E3BDB00A12574 /* Info.plist */,
				1794EA9E224E40EA00A12574 /* GoogleMobileAds.framework */,
			);
			path = Swift5AdMob;
			sourceTree = "<group>";
		};
		1794EA8D224E3C9100A12574 /* Frameworks */ = {
			isa = PBXGroup;
			children = (
				1794EA9C224E3D6700A12574 /* AdSupport.framework */,
				1794EA9A224E3D5700A12574 /* AudioToolbox.framework */,
				1794EA98224E3D4600A12574 /* AVFoundation.framework */,
				1794EA95224E3CEC00A12574 /* EventKit.framework */,
				1794EA94224E3CEC00A12574 /* EventKitUI.framework */,
				1794EA92224E3CDA00A12574 /* MessageUI.framework */,
				1794EA90224E3CBE00A12574 /* StoreKit.framework */,
				1794EA8E224E3C9200A12574 /* SystemConfiguration.framework */,
				18A89D9D7F468BEA07947AC6 /* Pods_Swift5AdMob.framework */,
			);
			name = Frameworks;
			sourceTree = "<group>";
		};
		F51EEA0DB3AFFDB8AD9FECF1 /* Pods */ = {
			isa = PBXGroup;
			children = (
				3ED8E285674E263D6901965A /* Pods-Swift5AdMob.debug.xcconfig */,
				92A8EE1A326A2DDB8DB80B51 /* Pods-Swift5AdMob.release.xcconfig */,
			);
			name = Pods;
			sourceTree = "<group>";
		};
/* End PBXGroup section */

/* Begin PBXNativeTarget section */
		1794EA77224E3BD800A12574 /* Swift5AdMob */ = {
			isa = PBXNativeTarget;
			buildConfigurationList = 1794EA8A224E3BDB00A12574 /* Build configuration list for PBXNativeTarget "Swift5AdMob" */;
			buildPhases = (
				9954A723C13C625B7631890A /* [CP] Check Pods Manifest.lock */,
				1794EA74224E3BD800A12574 /* Sources */,
				1794EA75224E3BD800A12574 /* Frameworks */,
				1794EA76224E3BD800A12574 /* Resources */,
				B5DA310AAABDB9C24C73AFE3 /* [CP] Embed Pods Frameworks */,
			);
			buildRules = (
			);
			dependencies = (
			);
			name = Swift5AdMob;
			productName = Swift5AdMob;
			productReference = 1794EA78224E3BD800A12574 /* Swift5AdMob.app */;
			productType = "com.apple.product-type.application";
		};
/* End PBXNativeTarget section */

/* Begin PBXProject section */
		1794EA70224E3BD800A12574 /* Project object */ = {
			isa = PBXProject;
			attributes = {
				LastSwiftUpdateCheck = 1020;
				LastUpgradeCheck = 1020;
				ORGANIZATIONNAME = norainu;
				TargetAttributes = {
					1794EA77224E3BD800A12574 = {
						CreatedOnToolsVersion = 10.2;
					};
				};
			};
			buildConfigurationList = 1794EA73224E3BD800A12574 /* Build configuration list for PBXProject "Swift5AdMob" */;
			compatibilityVersion = "Xcode 9.3";
			developmentRegion = en;
			hasScannedForEncodings = 0;
			knownRegions = (
				en,
				Base,
			);
			mainGroup = 1794EA6F224E3BD800A12574;
			productRefGroup = 1794EA79224E3BD800A12574 /* Products */;
			projectDirPath = "";
			projectRoot = "";
			targets = (
				1794EA77224E3BD800A12574 /* Swift5AdMob */,
			);
		};
/* End PBXProject section */

/* Begin PBXResourcesBuildPhase section */
		1794EA76224E3BD800A12574 /* Resources */ = {
			isa = PBXResourcesBuildPhase;
			buildActionMask = 2147483647;
			files = (
				1794EA86224E3BDB00A12574 /* LaunchScreen.storyboard in Resources */,
				1794EA83224E3BDB00A12574 /* Assets.xcassets in Resources */,
				1794EA81224E3BD800A12574 /* Main.storyboard in Resources */,
			);
			runOnlyForDeploymentPostprocessing = 0;
		};
/* End PBXResourcesBuildPhase section */

/* Begin PBXShellScriptBuildPhase section */
		9954A723C13C625B7631890A /* [CP] Check Pods Manifest.lock */ = {
			isa = PBXShellScriptBuildPhase;
			buildActionMask = 2147483647;
			files = (
			);
			inputFileListPaths = (
			);
			inputPaths = (
				"${PODS_PODFILE_DIR_PATH}/Podfile.lock",
				"${PODS_ROOT}/Manifest.lock",
			);
			name = "[CP] Check Pods Manifest.lock";
			outputFileListPaths = (
			);
			outputPaths = (
				"$(DERIVED_FILE_DIR)/Pods-Swift5AdMob-checkManifestLockResult.txt",
			);
			runOnlyForDeploymentPostprocessing = 0;
			shellPath = /bin/sh;
			shellScript = "diff \"${PODS_PODFILE_DIR_PATH}/Podfile.lock\" \"${PODS_ROOT}/Manifest.lock\" > /dev/null\nif [ $? != 0 ] ; then\n    # print error to STDERR\n    echo \"error: The sandbox is not in sync with the Podfile.lock. Run 'pod install' or update your CocoaPods installation.\" >&2\n    exit 1\nfi\n# This output is used by Xcode 'outputs' to avoid re-running this script phase.\necho \"SUCCESS\" > \"${SCRIPT_OUTPUT_FILE_0}\"\n";
			showEnvVarsInLog = 0;
		};
		B5DA310AAABDB9C24C73AFE3 /* [CP] Embed Pods Frameworks */ = {
			isa = PBXShellScriptBuildPhase;
			buildActionMask = 2147483647;
			files = (
			);
			inputFileListPaths = (
			);
			inputPaths = (
				"${SRCROOT}/Pods/Target Support Files/Pods-Swift5AdMob/Pods-Swift5AdMob-frameworks.sh",
				"${BUILT_PRODUCTS_DIR}/GoogleUtilities/GoogleUtilities.framework",
				"${BUILT_PRODUCTS_DIR}/nanopb/nanopb.framework",
			);
			name = "[CP] Embed Pods Frameworks";
			outputFileListPaths = (
			);
			outputPaths = (
				"${TARGET_BUILD_DIR}/${FRAMEWORKS_FOLDER_PATH}/GoogleUtilities.framework",
				"${TARGET_BUILD_DIR}/${FRAMEWORKS_FOLDER_PATH}/nanopb.framework",
			);
			runOnlyForDeploymentPostprocessing = 0;
			shellPath = /bin/sh;
			shellScript = "\"${SRCROOT}/Pods/Target Support Files/Pods-Swift5AdMob/Pods-Swift5AdMob-frameworks.sh\"\n";
			showEnvVarsInLog = 0;
		};
/* End PBXShellScriptBuildPhase section */

/* Begin PBXSourcesBuildPhase section */
		1794EA74224E3BD800A12574 /* Sources */ = {
			isa = PBXSourcesBuildPhase;
			buildActionMask = 2147483647;
			files = (
				1794EA7E224E3BD800A12574 /* ViewController.swift in Sources */,
				1794EAA5224E557F00A12574 /* startViewController.swift in Sources */,
				1794EAA3224E4F2200A12574 /* VideoAdsViewController.swift in Sources */,
				1794EAA1224E49A800A12574 /* InterSViewController.swift in Sources */,
				1794EA7C224E3BD800A12574 /* AppDelegate.swift in Sources */,
			);
			runOnlyForDeploymentPostprocessing = 0;
		};
/* End PBXSourcesBuildPhase section */

/* Begin PBXVariantGroup section */
		1794EA7F224E3BD800A12574 /* Main.storyboard */ = {
			isa = PBXVariantGroup;
			children = (
				1794EA80224E3BD800A12574 /* Base */,
			);
			name = Main.storyboard;
			sourceTree = "<group>";
		};
		1794EA84224E3BDB00A12574 /* LaunchScreen.storyboard */ = {
			isa = PBXVariantGroup;
			children = (
				1794EA85224E3BDB00A12574 /* Base */,
			);
			name = LaunchScreen.storyboard;
			sourceTree = "<group>";
		};
/* End PBXVariantGroup section */

/* Begin XCBuildConfiguration section */
		1794EA88224E3BDB00A12574 /* Debug */ = {
			isa = XCBuildConfiguration;
			buildSettings = {
				ALWAYS_SEARCH_USER_PATHS = NO;
				CLANG_ANALYZER_NONNULL = YES;
				CLANG_ANALYZER_NUMBER_OBJECT_CONVERSION = YES_AGGRESSIVE;
				CLANG_CXX_LANGUAGE_STANDARD = "gnu++14";
				CLANG_CXX_LIBRARY = "libc++";
				CLANG_ENABLE_MODULES = YES;
				CLANG_ENABLE_OBJC_ARC = YES;
				CLANG_ENABLE_OBJC_WEAK = YES;
				CLANG_WARN_BLOCK_CAPTURE_AUTORELEASING = YES;
				CLANG_WARN_BOOL_CONVERSION = YES;
				CLANG_WARN_COMMA = YES;
				CLANG_WARN_CONSTANT_CONVERSION = YES;
				CLANG_WARN_DEPRECATED_OBJC_IMPLEMENTATIONS = YES;
				CLANG_WARN_DIRECT_OBJC_ISA_USAGE = YES_ERROR;
				CLANG_WARN_DOCUMENTATION_COMMENTS = YES;
				CLANG_WARN_EMPTY_BODY = YES;
				CLANG_WARN_ENUM_CONVERSION = YES;
				CLANG_WARN_INFINITE_RECURSION = YES;
				CLANG_WARN_INT_CONVERSION = YES;
				CLANG_WARN_NON_LITERAL_NULL_CONVERSION = YES;
				CLANG_WARN_OBJC_IMPLICIT_RETAIN_SELF = YES;
				CLANG_WARN_OBJC_LITERAL_CONVERSION = YES;
				CLANG_WARN_OBJC_ROOT_CLASS = YES_ERROR;
				CLANG_WARN_RANGE_LOOP_ANALYSIS = YES;
				CLANG_WARN_STRICT_PROTOTYPES = YES;
				CLANG_WARN_SUSPICIOUS_MOVE = YES;
				CLANG_WARN_UNGUARDED_AVAILABILITY = YES_AGGRESSIVE;
				CLANG_WARN_UNREACHABLE_CODE = YES;
				CLANG_WARN__DUPLICATE_METHOD_MATCH = YES;
				CODE_SIGN_IDENTITY = "iPhone Developer";
				COPY_PHASE_STRIP = NO;
				DEBUG_INFORMATION_FORMAT = dwarf;
				ENABLE_STRICT_OBJC_MSGSEND = YES;
				ENABLE_TESTABILITY = YES;
				GCC_C_LANGUAGE_STANDARD = gnu11;
				GCC_DYNAMIC_NO_PIC = NO;
				GCC_NO_COMMON_BLOCKS = YES;
				GCC_OPTIMIZATION_LEVEL = 0;
				GCC_PREPROCESSOR_DEFINITIONS = (
					"DEBUG=1",
					"$(inherited)",
				);
				GCC_WARN_64_TO_32_BIT_CONVERSION = YES;
				GCC_WARN_ABOUT_RETURN_TYPE = YES_ERROR;
				GCC_WARN_UNDECLARED_SELECTOR = YES;
				GCC_WARN_UNINITIALIZED_AUTOS = YES_AGGRESSIVE;
				GCC_WARN_UNUSED_FUNCTION = YES;
				GCC_WARN_UNUSED_VARIABLE = YES;
				IPHONEOS_DEPLOYMENT_TARGET = 12.2;
				MTL_ENABLE_DEBUG_INFO = INCLUDE_SOURCE;
				MTL_FAST_MATH = YES;
				ONLY_ACTIVE_ARCH = YES;
				SDKROOT = iphoneos;
				SWIFT_ACTIVE_COMPILATION_CONDITIONS = DEBUG;
				SWIFT_OPTIMIZATION_LEVEL = "-Onone";
			};
			name = Debug;
		};
		1794EA89224E3BDB00A12574 /* Release */ = {
			isa = XCBuildConfiguration;
			buildSettings = {
				ALWAYS_SEARCH_USER_PATHS = NO;
				CLANG_ANALYZER_NONNULL = YES;
				CLANG_ANALYZER_NUMBER_OBJECT_CONVERSION = YES_AGGRESSIVE;
				CLANG_CXX_LANGUAGE_STANDARD = "gnu++14";
				CLANG_CXX_LIBRARY = "libc++";
				CLANG_ENABLE_MODULES = YES;
				CLANG_ENABLE_OBJC_ARC = YES;
				CLANG_ENABLE_OBJC_WEAK = YES;
				CLANG_WARN_BLOCK_CAPTURE_AUTORELEASING = YES;
				CLANG_WARN_BOOL_CONVERSION = YES;
				CLANG_WARN_COMMA = YES;
				CLANG_WARN_CONSTANT_CONVERSION = YES;
				CLANG_WARN_DEPRECATED_OBJC_IMPLEMENTATIONS = YES;
				CLANG_WARN_DIRECT_OBJC_ISA_USAGE = YES_ERROR;
				CLANG_WARN_DOCUMENTATION_COMMENTS = YES;
				CLANG_WARN_EMPTY_BODY = YES;
				CLANG_WARN_ENUM_CONVERSION = YES;
				CLANG_WARN_INFINITE_RECURSION = YES;
				CLANG_WARN_INT_CONVERSION = YES;
				CLANG_WARN_NON_LITERAL_NULL_CONVERSION = YES;
				CLANG_WARN_OBJC_IMPLICIT_RETAIN_SELF = YES;
				CLANG_WARN_OBJC_LITERAL_CONVERSION = YES;
				CLANG_WARN_OBJC_ROOT_CLASS = YES_ERROR;
				CLANG_WARN_RANGE_LOOP_ANALYSIS = YES;
				CLANG_WARN_STRICT_PROTOTYPES = YES;
				CLANG_WARN_SUSPICIOUS_MOVE = YES;
				CLANG_WARN_UNGUARDED_AVAILABILITY = YES_AGGRESSIVE;
				CLANG_WARN_UNREACHABLE_CODE = YES;
				CLANG_WARN__DUPLICATE_METHOD_MATCH = YES;
				CODE_SIGN_IDENTITY = "iPhone Developer";
				COPY_PHASE_STRIP = NO;
				DEBUG_INFORMATION_FORMAT = "dwarf-with-dsym";
				ENABLE_NS_ASSERTIONS = NO;
				ENABLE_STRICT_OBJC_MSGSEND = YES;
				GCC_C_LANGUAGE_STANDARD = gnu11;
				GCC_NO_COMMON_BLOCKS = YES;
				GCC_WARN_64_TO_32_BIT_CONVERSION = YES;
				GCC_WARN_ABOUT_RETURN_TYPE = YES_ERROR;
				GCC_WARN_UNDECLARED_SELECTOR = YES;
				GCC_WARN_UNINITIALIZED_AUTOS = YES_AGGRESSIVE;
				GCC_WARN_UNUSED_FUNCTION = YES;
				GCC_WARN_UNUSED_VARIABLE = YES;
				IPHONEOS_DEPLOYMENT_TARGET = 12.2;
				MTL_ENABLE_DEBUG_INFO = NO;
				MTL_FAST_MATH = YES;
				SDKROOT = iphoneos;
				SWIFT_COMPILATION_MODE = wholemodule;
				SWIFT_OPTIMIZATION_LEVEL = "-O";
				VALIDATE_PRODUCT = YES;
			};
			name = Release;
		};
		1794EA8B224E3BDB00A12574 /* Debug */ = {
			isa = XCBuildConfiguration;
			baseConfigurationReference = 3ED8E285674E263D6901965A /* Pods-Swift5AdMob.debug.xcconfig */;
			buildSettings = {
				ASSETCATALOG_COMPILER_APPICON_NAME = AppIcon;
				CODE_SIGN_STYLE = Automatic;
				DEVELOPMENT_TEAM = Q4T5SUS353;
				FRAMEWORK_SEARCH_PATHS = (
					"$(inherited)",
					"$(PROJECT_DIR)/Swift5AdMob",
				);
				INFOPLIST_FILE = Swift5AdMob/Info.plist;
				IPHONEOS_DEPLOYMENT_TARGET = 12.0;
				LD_RUNPATH_SEARCH_PATHS = (
					"$(inherited)",
					"@executable_path/Frameworks",
				);
				PRODUCT_BUNDLE_IDENTIFIER = riverside.Swift5AdMob;
				PRODUCT_NAME = "$(TARGET_NAME)";
				SWIFT_VERSION = 5.0;
				TARGETED_DEVICE_FAMILY = "1,2";
			};
			name = Debug;
		};
		1794EA8C224E3BDB00A12574 /* Release */ = {
			isa = XCBuildConfiguration;
			baseConfigurationReference = 92A8EE1A326A2DDB8DB80B51 /* Pods-Swift5AdMob.release.xcconfig */;
			buildSettings = {
				ASSETCATALOG_COMPILER_APPICON_NAME = AppIcon;
				CODE_SIGN_STYLE = Automatic;
				DEVELOPMENT_TEAM = Q4T5SUS353;
				FRAMEWORK_SEARCH_PATHS = (
					"$(inherited)",
					"$(PROJECT_DIR)/Swift5AdMob",
				);
				INFOPLIST_FILE = Swift5AdMob/Info.plist;
				IPHONEOS_DEPLOYMENT_TARGET = 12.0;
				LD_RUNPATH_SEARCH_PATHS = (
					"$(inherited)",
					"@executable_path/Frameworks",
				);
				PRODUCT_BUNDLE_IDENTIFIER = riverside.Swift5AdMob;
				PRODUCT_NAME = "$(TARGET_NAME)";
				SWIFT_VERSION = 5.0;
				TARGETED_DEVICE_FAMILY = "1,2";
			};
			name = Release;
		};
/* End XCBuildConfiguration section */

/* Begin XCConfigurationList section */
		1794EA73224E3BD800A12574 /* Build configuration list for PBXProject "Swift5AdMob" */ = {
			isa = XCConfigurationList;
			buildConfigurations = (
				1794EA88224E3BDB00A12574 /* Debug */,
				1794EA89224E3BDB00A12574 /* Release */,
			);
			defaultConfigurationIsVisible = 0;
			defaultConfigurationName = Release;
		};
		1794EA8A224E3BDB00A12574 /* Build configuration list for PBXNativeTarget "Swift5AdMob" */ = {
			isa = XCConfigurationList;
			buildConfigurations = (
				1794EA8B224E3BDB00A12574 /* Debug */,
				1794EA8C224E3BDB00A12574 /* Release */,
			);
			defaultConfigurationIsVisible = 0;
			defaultConfigurationName = Release;
		};
/* End XCConfigurationList section */
	};
	rootObject = 1794EA70224E3BD800A12574 /* Project object */;
}
